
Microsoft Visual Studio Solution File, Format Version 12.00
# Visual Studio Version 16
VisualStudioVersion = 16.0.31402.337
MinimumVisualStudioVersion = 10.0.40219.1
Project("{FAE04EC0-301F-11D3-BF4B-00C04F79EFBC}") = "wcfRestTest", "wcfRestTest\wcfRestTest.csproj", "{3C69189A-CFC4-431B-993B-89E259C29574}"
EndProject
Global
	GlobalSection(SolutionConfigurationPlatforms) = preSolution
		Debug|Any CPU = Debug|Any CPU
		Release|Any CPU = Release|Any CPU
	EndGlobalSection
	GlobalSection(ProjectConfigurationPlatforms) = postSolution
		{3C69189A-CFC4-431B-993B-89E259C29574}.Debug|Any CPU.ActiveCfg = Debug|Any CPU
		{3C69189A-CFC4-431B-993B-89E259C29574}.Debug|Any CPU.Build.0 = Debug|Any CPU
		{3C69189A-CFC4-431B-993B-89E259C29574}.Release|Any CPU.ActiveCfg = Release|Any CPU
		{3C69189A-CFC4-431B-993B-89E259C29574}.Release|Any CPU.Build.0 = Release|Any CPU
	EndGlobalSection
	GlobalSection(SolutionProperties) = preSolution
		HideSolutionNode = FALSE
	EndGlobalSection
	GlobalSection(ExtensibilityGlobals) = postSolution
		SolutionGuid = {0B376FD0-9AA4-4446-95B8-615744BECC69}
	EndGlobalSection
EndGlobal
